
Microsoft Visual Studio Solution File, Format Version 12.00
# Visual Studio Version 17
VisualStudioVersion = 17.4.33110.190
MinimumVisualStudioVersion = 10.0.40219.1
Project("{2150E333-8FDC-42A3-9474-1A3956D46DE8}") = "Domain", "Domain", "{3E948934-C8A3-409E-A50B-3ED8B23F704E}"
EndProject
Project("{2150E333-8FDC-42A3-9474-1A3956D46DE8}") = "Infra.Bus", "Infra.Bus", "{83FA4512-6953-4779-8788-CD92C55CB6DC}"
EndProject
Project("{2150E333-8FDC-42A3-9474-1A3956D46DE8}") = "Infra.IoC", "Infra.IoC", "{5FBA4BC2-4957-41B9-98AA-60C8521CAB5D}"
EndProject
Project("{2150E333-8FDC-42A3-9474-1A3956D46DE8}") = "Presentation", "Presentation", "{D1FDF629-ED3F-432B-BCFD-75D2A0C3FEEE}"
EndProject
Project("{2150E333-8FDC-42A3-9474-1A3956D46DE8}") = "Microservices", "Microservices", "{EB03BFEF-8B66-4107-B4DD-8169B8F3EC64}"
EndProject
Project("{FAE04EC0-301F-11D3-BF4B-00C04F79EFBC}") = "MicroRabbit.Domain.Core", "MicroRabbit.Domain.Core\MicroRabbit.Domain.Core.csproj", "{6B8CEF21-F9C0-4351-B590-447211002195}"
EndProject
Project("{FAE04EC0-301F-11D3-BF4B-00C04F79EFBC}") = "MicroRabbit.Infra.Bus", "MicroRabbit.Infra.Bus\MicroRabbit.Infra.Bus.csproj", "{4D458016-2507-4EB9-A73E-A7267B17FCF1}"
EndProject
Project("{FAE04EC0-301F-11D3-BF4B-00C04F79EFBC}") = "MicroRabbit.Infra.IoC", "MicroRabbit.Infra.IoC\MicroRabbit.Infra.IoC.csproj", "{E63E625F-971C-4862-8055-80A097D4E366}"
EndProject
Project("{2150E333-8FDC-42A3-9474-1A3956D46DE8}") = "Banking", "Banking", "{64682F8D-0021-42A6-BB34-6ED7E535255B}"
EndProject
Project("{2150E333-8FDC-42A3-9474-1A3956D46DE8}") = "Api", "Api", "{80156072-AE29-4171-9838-896779E2B45D}"
EndProject
Project("{2150E333-8FDC-42A3-9474-1A3956D46DE8}") = "Application", "Application", "{1CE97567-5202-4E8D-AB54-5B7535D85056}"
EndProject
Project("{2150E333-8FDC-42A3-9474-1A3956D46DE8}") = "Data", "Data", "{12EC1F38-BD4A-4D53-A50D-AE8B08240D69}"
EndProject
Project("{2150E333-8FDC-42A3-9474-1A3956D46DE8}") = "Domain", "Domain", "{6B5C611C-03DC-4758-A76B-520DF5919B5F}"
EndProject
Project("{FAE04EC0-301F-11D3-BF4B-00C04F79EFBC}") = "MicroRabbit.Banking.Api", "MicroRabbit.Banking.Api\MicroRabbit.Banking.Api.csproj", "{08FDEC91-BD3E-41DD-8707-636CDD227E7A}"
EndProject
Project("{FAE04EC0-301F-11D3-BF4B-00C04F79EFBC}") = "MicroRabbit.Banking.Application", "MicroRabbit.Banking.Application\MicroRabbit.Banking.Application.csproj", "{7E8E502E-3074-4DD5-A519-4240A99C0FE7}"
EndProject
Project("{FAE04EC0-301F-11D3-BF4B-00C04F79EFBC}") = "MicroRabbit.Banking.Data", "MicroRabbit.Banking.Data\MicroRabbit.Banking.Data.csproj", "{581AAD03-729D-4AF8-B61F-78ACF8513514}"
EndProject
Project("{FAE04EC0-301F-11D3-BF4B-00C04F79EFBC}") = "MicroRabbit.Banking.Domain", "MicroRabbit.Banking.Domain\MicroRabbit.Banking.Domain.csproj", "{D0CD812F-25FE-4C85-A834-7486CB1CCE68}"
EndProject
Global
	GlobalSection(SolutionConfigurationPlatforms) = preSolution
		Debug|Any CPU = Debug|Any CPU
		Release|Any CPU = Release|Any CPU
	EndGlobalSection
	GlobalSection(ProjectConfigurationPlatforms) = postSolution
		{6B8CEF21-F9C0-4351-B590-447211002195}.Debug|Any CPU.ActiveCfg = Debug|Any CPU
		{6B8CEF21-F9C0-4351-B590-447211002195}.Debug|Any CPU.Build.0 = Debug|Any CPU
		{6B8CEF21-F9C0-4351-B590-447211002195}.Release|Any CPU.ActiveCfg = Release|Any CPU
		{6B8CEF21-F9C0-4351-B590-447211002195}.Release|Any CPU.Build.0 = Release|Any CPU
		{4D458016-2507-4EB9-A73E-A7267B17FCF1}.Debug|Any CPU.ActiveCfg = Debug|Any CPU
		{4D458016-2507-4EB9-A73E-A7267B17FCF1}.Debug|Any CPU.Build.0 = Debug|Any CPU
		{4D458016-2507-4EB9-A73E-A7267B17FCF1}.Release|Any CPU.ActiveCfg = Release|Any CPU
		{4D458016-2507-4EB9-A73E-A7267B17FCF1}.Release|Any CPU.Build.0 = Release|Any CPU
		{E63E625F-971C-4862-8055-80A097D4E366}.Debug|Any CPU.ActiveCfg = Debug|Any CPU
		{E63E625F-971C-4862-8055-80A097D4E366}.Debug|Any CPU.Build.0 = Debug|Any CPU
		{E63E625F-971C-4862-8055-80A097D4E366}.Release|Any CPU.ActiveCfg = Release|Any CPU
		{E63E625F-971C-4862-8055-80A097D4E366}.Release|Any CPU.Build.0 = Release|Any CPU
		{08FDEC91-BD3E-41DD-8707-636CDD227E7A}.Debug|Any CPU.ActiveCfg = Debug|Any CPU
		{08FDEC91-BD3E-41DD-8707-636CDD227E7A}.Debug|Any CPU.Build.0 = Debug|Any CPU
		{08FDEC91-BD3E-41DD-8707-636CDD227E7A}.Release|Any CPU.ActiveCfg = Release|Any CPU
		{08FDEC91-BD3E-41DD-8707-636CDD227E7A}.Release|Any CPU.Build.0 = Release|Any CPU
		{7E8E502E-3074-4DD5-A519-4240A99C0FE7}.Debug|Any CPU.ActiveCfg = Debug|Any CPU
		{7E8E502E-3074-4DD5-A519-4240A99C0FE7}.Debug|Any CPU.Build.0 = Debug|Any CPU
		{7E8E502E-3074-4DD5-A519-4240A99C0FE7}.Release|Any CPU.ActiveCfg = Release|Any CPU
		{7E8E502E-3074-4DD5-A519-4240A99C0FE7}.Release|Any CPU.Build.0 = Release|Any CPU
		{581AAD03-729D-4AF8-B61F-78ACF8513514}.Debug|Any CPU.ActiveCfg = Debug|Any CPU
		{581AAD03-729D-4AF8-B61F-78ACF8513514}.Debug|Any CPU.Build.0 = Debug|Any CPU
		{581AAD03-729D-4AF8-B61F-78ACF8513514}.Release|Any CPU.ActiveCfg = Release|Any CPU
		{581AAD03-729D-4AF8-B61F-78ACF8513514}.Release|Any CPU.Build.0 = Release|Any CPU
		{D0CD812F-25FE-4C85-A834-7486CB1CCE68}.Debug|Any CPU.ActiveCfg = Debug|Any CPU
		{D0CD812F-25FE-4C85-A834-7486CB1CCE68}.Debug|Any CPU.Build.0 = Debug|Any CPU
		{D0CD812F-25FE-4C85-A834-7486CB1CCE68}.Release|Any CPU.ActiveCfg = Release|Any CPU
		{D0CD812F-25FE-4C85-A834-7486CB1CCE68}.Release|Any CPU.Build.0 = Release|Any CPU
	EndGlobalSection
	GlobalSection(SolutionProperties) = preSolution
		HideSolutionNode = FALSE
	EndGlobalSection
	GlobalSection(NestedProjects) = preSolution
		{6B8CEF21-F9C0-4351-B590-447211002195} = {3E948934-C8A3-409E-A50B-3ED8B23F704E}
		{4D458016-2507-4EB9-A73E-A7267B17FCF1} = {83FA4512-6953-4779-8788-CD92C55CB6DC}
		{E63E625F-971C-4862-8055-80A097D4E366} = {5FBA4BC2-4957-41B9-98AA-60C8521CAB5D}
		{64682F8D-0021-42A6-BB34-6ED7E535255B} = {EB03BFEF-8B66-4107-B4DD-8169B8F3EC64}
		{80156072-AE29-4171-9838-896779E2B45D} = {64682F8D-0021-42A6-BB34-6ED7E535255B}
		{1CE97567-5202-4E8D-AB54-5B7535D85056} = {64682F8D-0021-42A6-BB34-6ED7E535255B}
		{12EC1F38-BD4A-4D53-A50D-AE8B08240D69} = {64682F8D-0021-42A6-BB34-6ED7E535255B}
		{6B5C611C-03DC-4758-A76B-520DF5919B5F} = {64682F8D-0021-42A6-BB34-6ED7E535255B}
		{08FDEC91-BD3E-41DD-8707-636CDD227E7A} = {80156072-AE29-4171-9838-896779E2B45D}
		{7E8E502E-3074-4DD5-A519-4240A99C0FE7} = {1CE97567-5202-4E8D-AB54-5B7535D85056}
		{581AAD03-729D-4AF8-B61F-78ACF8513514} = {12EC1F38-BD4A-4D53-A50D-AE8B08240D69}
		{D0CD812F-25FE-4C85-A834-7486CB1CCE68} = {6B5C611C-03DC-4758-A76B-520DF5919B5F}
	EndGlobalSection
	GlobalSection(ExtensibilityGlobals) = postSolution
		SolutionGuid = {9D7F8001-68EC-4D70-95CE-94F6DE92A720}
	EndGlobalSection
EndGlobal
